{
  "nodes": {
    "nixpkgs": {
      "locked": {
        "lastModified": 1674114279,
        "narHash": "sha256-onpmxzAD16dxi7n24MJBCRNZmDn5cR/MACxVlrZ10aA=",
        "owner": "NixOS",
        "repo": "nixpkgs",
        "rev": "87ec26464b4b7b04365d4cdc0010b7a92ad4f9e6",
        "type": "github"
      },
      "original": {
        "owner": "NixOS",
        "repo": "nixpkgs",
        "type": "github"
      }
    },
    "root": {
      "inputs": {
        "nixpkgs": "nixpkgs",
        "utils": "utils"
      }
    },
    "utils": {
      "locked": {
        "lastModified": 1667395993,
        "narHash": "sha256-nuEHfE/LcWyuSWnS8t12N1wc105Qtau+/OdUAjtQ0rA=",
        "owner": "numtide",
        "repo": "flake-utils",
        "rev": "5aed5285a952e0b949eb3ba02c12fa4fcfef535f",
        "type": "github"
      },
      "original": {
        "owner": "numtide",
        "repo": "flake-utils",
        "type": "github"
      }
    }
  },
  "root": "root",
  "version": 7
}
